
Microsoft Visual Studio Solution File, Format Version 12.00
# Visual Studio Version 17
VisualStudioVersion = 17.7.34221.43
MinimumVisualStudioVersion = 10.0.40219.1
Project("{FAE04EC0-301F-11D3-BF4B-00C04F79EFBC}") = "ProviderAndFactoryPattern", "ProviderAndFactoryPattern\ProviderAndFactoryPattern.csproj", "{807562E1-1BCF-4136-99B8-497F45DFC83B}"
EndProject
Global
	GlobalSection(SolutionConfigurationPlatforms) = preSolution
		Debug|Any CPU = Debug|Any CPU
		Release|Any CPU = Release|Any CPU
	EndGlobalSection
	GlobalSection(ProjectConfigurationPlatforms) = postSolution
		{807562E1-1BCF-4136-99B8-497F45DFC83B}.Debug|Any CPU.ActiveCfg = Debug|Any CPU
		{807562E1-1BCF-4136-99B8-497F45DFC83B}.Debug|Any CPU.Build.0 = Debug|Any CPU
		{807562E1-1BCF-4136-99B8-497F45DFC83B}.Release|Any CPU.ActiveCfg = Release|Any CPU
		{807562E1-1BCF-4136-99B8-497F45DFC83B}.Release|Any CPU.Build.0 = Release|Any CPU
	EndGlobalSection
	GlobalSection(SolutionProperties) = preSolution
		HideSolutionNode = FALSE
	EndGlobalSection
	GlobalSection(ExtensibilityGlobals) = postSolution
		SolutionGuid = {0E17554C-56F3-4FDD-AC80-B67C17AC9111}
	EndGlobalSection
EndGlobal
